Microsoft Visual Studio Solution File, Format Version 12.00
# Visual Studio Version 17
VisualStudioVersion = 17.5.2.0
MinimumVisualStudioVersion = 10.0.40219.1
Project("{FAE04EC0-301F-11D3-BF4B-00C04F79EFBC}") = "Anel-de-cora-o", "Anel-de-cora-o.csproj", "{F4768D06-A1C3-B732-F168-96019EC2D543}"
EndProject
Global
	GlobalSection(SolutionConfigurationPlatforms) = preSolution
		Debug|Any CPU = Debug|Any CPU
		Release|Any CPU = Release|Any CPU
	EndGlobalSection
	GlobalSection(ProjectConfigurationPlatforms) = postSolution
		{F4768D06-A1C3-B732-F168-96019EC2D543}.Debug|Any CPU.ActiveCfg = Debug|Any CPU
		{F4768D06-A1C3-B732-F168-96019EC2D543}.Debug|Any CPU.Build.0 = Debug|Any CPU
		{F4768D06-A1C3-B732-F168-96019EC2D543}.Release|Any CPU.ActiveCfg = Release|Any CPU
		{F4768D06-A1C3-B732-F168-96019EC2D543}.Release|Any CPU.Build.0 = Release|Any CPU
	EndGlobalSection
	GlobalSection(SolutionProperties) = preSolution
		HideSolutionNode = FALSE
	EndGlobalSection
	GlobalSection(ExtensibilityGlobals) = postSolution
		SolutionGuid = {4E5690B3-525D-4230-AF11-6CAFD33EE0EE}
	EndGlobalSection
EndGlobal
